
Microsoft Visual Studio Solution File, Format Version 12.00
# Visual Studio Version 17
VisualStudioVersion = 17.11.35208.52
MinimumVisualStudioVersion = 10.0.40219.1
Project("{FAE04EC0-301F-11D3-BF4B-00C04F79EFBC}") = "KiemTra", "KiemTra\KiemTra.csproj", "{21417193-F19D-47A0-A86A-7887101ED325}"
EndProject
Global
	GlobalSection(SolutionConfigurationPlatforms) = preSolution
		Debug|Any CPU = Debug|Any CPU
		Release|Any CPU = Release|Any CPU
	EndGlobalSection
	GlobalSection(ProjectConfigurationPlatforms) = postSolution
		{21417193-F19D-47A0-A86A-7887101ED325}.Debug|Any CPU.ActiveCfg = Debug|Any CPU
		{21417193-F19D-47A0-A86A-7887101ED325}.Debug|Any CPU.Build.0 = Debug|Any CPU
		{21417193-F19D-47A0-A86A-7887101ED325}.Release|Any CPU.ActiveCfg = Release|Any CPU
		{21417193-F19D-47A0-A86A-7887101ED325}.Release|Any CPU.Build.0 = Release|Any CPU
	EndGlobalSection
	GlobalSection(SolutionProperties) = preSolution
		HideSolutionNode = FALSE
	EndGlobalSection
	GlobalSection(ExtensibilityGlobals) = postSolution
		SolutionGuid = {1EA79867-A3B2-48EA-8BE1-9838D200626E}
	EndGlobalSection
EndGlobal
